
Microsoft Visual Studio Solution File, Format Version 12.00
# Visual Studio Version 16
VisualStudioVersion = 16.0.29613.14
MinimumVisualStudioVersion = 10.0.40219.1
Project("{FAE04EC0-301F-11D3-BF4B-00C04F79EFBC}") = "project5", "project5\project5.csproj", "{C3034077-F2E5-48C2-99B4-E84F124D4D80}"
EndProject
Global
	GlobalSection(SolutionConfigurationPlatforms) = preSolution
		Debug|Any CPU = Debug|Any CPU
		Release|Any CPU = Release|Any CPU
	EndGlobalSection
	GlobalSection(ProjectConfigurationPlatforms) = postSolution
		{C3034077-F2E5-48C2-99B4-E84F124D4D80}.Debug|Any CPU.ActiveCfg = Debug|Any CPU
		{C3034077-F2E5-48C2-99B4-E84F124D4D80}.Debug|Any CPU.Build.0 = Debug|Any CPU
		{C3034077-F2E5-48C2-99B4-E84F124D4D80}.Release|Any CPU.ActiveCfg = Release|Any CPU
		{C3034077-F2E5-48C2-99B4-E84F124D4D80}.Release|Any CPU.Build.0 = Release|Any CPU
	EndGlobalSection
	GlobalSection(SolutionProperties) = preSolution
		HideSolutionNode = FALSE
	EndGlobalSection
	GlobalSection(ExtensibilityGlobals) = postSolution
		SolutionGuid = {8F5FCDB2-114A-4E32-A97E-F7BF6F732EAD}
	EndGlobalSection
EndGlobal
